{
  "name": "livesoccertv-parser",
  "version": "1.0.0",
  "lockfileVersion": 2,
  "requires": true,
  "dependencies": {
    "express": {
      "version": "4.18.2",
      "resolved": "https://registry.npmjs.org/express/-/express-4.18.2.tgz",
      "integrity": "sha512-B/CEoh56Lh3G6N57CJXqMBC9tfh1Go++kz5er7gWtZhD/An6C6e+N4+V7kMEFv3aFQpyJzzc+l/vIV+4CGdVNA=="
    }
  }
}
